{"1.2.0",
[{<<"base32">>,{pkg,<<"base32">>,<<"1.0.0">>},1},
 {<<"dns_erlang">>,{pkg,<<"dns_erlang">>,<<"5.0.11">>},0}]}.
[
{pkg_hash,[
 {<<"base32">>, <<"1AB331F812FCC254C8F7D4348E1E5A6F2B9B32B7A260BF2BC3358E3BF14C841A">>},
 {<<"dns_erlang">>, <<"D38826798DBC7FDED251B7D09B7746ABC7B53A9FC47A6DF9BB40639D67DE0363">>}]},
{pkg_hash_ext,[
 {<<"base32">>, <<"0449285348ED0C4CD83C7198E76C5FD5A0451C4EF18695B9FD43792A503E551A">>},
 {<<"dns_erlang">>, <<"7332D839E0E30CE2F0F8808F3F110896877D66B23EF4CA193527B002A59DAF15">>}]}
].
