{"1.2.0",
[{<<"base32">>,{pkg,<<"base32">>,<<"1.0.0">>},1},
 {<<"dns_erlang">>,{pkg,<<"dns_erlang">>,<<"3.0.4">>},0},
 {<<"goldrush">>,{pkg,<<"goldrush">>,<<"0.1.9">>},1},
 {<<"lager">>,{pkg,<<"lager">>,<<"3.9.2">>},0}]}.
[
{pkg_hash,[
 {<<"base32">>, <<"1AB331F812FCC254C8F7D4348E1E5A6F2B9B32B7A260BF2BC3358E3BF14C841A">>},
 {<<"dns_erlang">>, <<"EF4AD84CA4060DDA023476E30056DAAA1B9781C076CF4BB1179E3D1EC7AA91D7">>},
 {<<"goldrush">>, <<"F06E5D5F1277DA5C413E84D5A2924174182FB108DABB39D5EC548B27424CD106">>},
 {<<"lager">>, <<"4CAB289120EB24964E3886BD22323CB5FEFE4510C076992A23AD18CF85413D8C">>}]},
{pkg_hash_ext,[
 {<<"base32">>, <<"0449285348ED0C4CD83C7198E76C5FD5A0451C4EF18695B9FD43792A503E551A">>},
 {<<"dns_erlang">>, <<"322CA729DAFE9E314429000E70DFB9B196A4BF07C06F9B647CEEC15535194AD8">>},
 {<<"goldrush">>, <<"99CB4128CFFCB3227581E5D4D803D5413FA643F4EB96523F77D9E6937D994CEB">>},
 {<<"lager">>, <<"7F904D9E87A8CB7E66156ED31768D1C8E26EBA1D54F4BC85B1AA4AC1F6340C28">>}]}
].
